
Microsoft Visual Studio Solution File, Format Version 12.00
# Visual Studio Version 17
VisualStudioVersion = 17.7.34302.85
MinimumVisualStudioVersion = 10.0.40219.1
Project("{FAE04EC0-301F-11D3-BF4B-00C04F79EFBC}") = "ToDoApp", "ToDoApp\ToDoApp.csproj", "{E6A3719B-BDE7-44E9-8CDD-5DA26FB92768}"
EndProject
Global
	GlobalSection(SolutionConfigurationPlatforms) = preSolution
		Debug|Any CPU = Debug|Any CPU
		Release|Any CPU = Release|Any CPU
	EndGlobalSection
	GlobalSection(ProjectConfigurationPlatforms) = postSolution
		{E6A3719B-BDE7-44E9-8CDD-5DA26FB92768}.Debug|Any CPU.ActiveCfg = Debug|Any CPU
		{E6A3719B-BDE7-44E9-8CDD-5DA26FB92768}.Debug|Any CPU.Build.0 = Debug|Any CPU
		{E6A3719B-BDE7-44E9-8CDD-5DA26FB92768}.Release|Any CPU.ActiveCfg = Release|Any CPU
		{E6A3719B-BDE7-44E9-8CDD-5DA26FB92768}.Release|Any CPU.Build.0 = Release|Any CPU
	EndGlobalSection
	GlobalSection(SolutionProperties) = preSolution
		HideSolutionNode = FALSE
	EndGlobalSection
	GlobalSection(ExtensibilityGlobals) = postSolution
		SolutionGuid = {144375B4-83D4-480E-9561-0D1D469736F8}
	EndGlobalSection
EndGlobal
